
Microsoft Visual Studio Solution File, Format Version 12.00
# Visual Studio Version 16
VisualStudioVersion = 25.0.1706.2
MinimumVisualStudioVersion = 10.0.40219.1
Project("{FAE04EC0-301F-11D3-BF4B-00C04F79EFBC}") = "SchoolBase", "SchoolBase\SchoolBase.csproj", "{91571913-3E76-485E-9098-144D67E9FBB2}"
EndProject
Global
	GlobalSection(SolutionConfigurationPlatforms) = preSolution
		Debug|Any CPU = Debug|Any CPU
		Release|Any CPU = Release|Any CPU
	EndGlobalSection
	GlobalSection(ProjectConfigurationPlatforms) = postSolution
		{91571913-3E76-485E-9098-144D67E9FBB2}.Debug|Any CPU.ActiveCfg = Debug|Any CPU
		{91571913-3E76-485E-9098-144D67E9FBB2}.Debug|Any CPU.Build.0 = Debug|Any CPU
		{91571913-3E76-485E-9098-144D67E9FBB2}.Release|Any CPU.ActiveCfg = Release|Any CPU
		{91571913-3E76-485E-9098-144D67E9FBB2}.Release|Any CPU.Build.0 = Release|Any CPU
	EndGlobalSection
	GlobalSection(SolutionProperties) = preSolution
		HideSolutionNode = FALSE
	EndGlobalSection
	GlobalSection(ExtensibilityGlobals) = postSolution
		SolutionGuid = {453EF23F-73FE-4B42-A4E7-54BD15A5B76F}
	EndGlobalSection
EndGlobal
